
Microsoft Visual Studio Solution File, Format Version 12.00
# Visual Studio 15
VisualStudioVersion = 15.0.28010.2050
MinimumVisualStudioVersion = 10.0.40219.1
Project("{FAE04EC0-301F-11D3-BF4B-00C04F79EFBC}") = "GenericClass", "GenericClass\GenericClass.csproj", "{CE09F4D7-55B2-4749-849D-33A7EDE42E01}"
EndProject
Global
	GlobalSection(SolutionConfigurationPlatforms) = preSolution
		Debug|Any CPU = Debug|Any CPU
		Release|Any CPU = Release|Any CPU
	EndGlobalSection
	GlobalSection(ProjectConfigurationPlatforms) = postSolution
		{CE09F4D7-55B2-4749-849D-33A7EDE42E01}.Debug|Any CPU.ActiveCfg = Debug|Any CPU
		{CE09F4D7-55B2-4749-849D-33A7EDE42E01}.Debug|Any CPU.Build.0 = Debug|Any CPU
		{CE09F4D7-55B2-4749-849D-33A7EDE42E01}.Release|Any CPU.ActiveCfg = Release|Any CPU
		{CE09F4D7-55B2-4749-849D-33A7EDE42E01}.Release|Any CPU.Build.0 = Release|Any CPU
	EndGlobalSection
	GlobalSection(SolutionProperties) = preSolution
		HideSolutionNode = FALSE
	EndGlobalSection
	GlobalSection(ExtensibilityGlobals) = postSolution
		SolutionGuid = {FD37BBAD-3D52-40B5-BEBD-F6DF8541A58D}
	EndGlobalSection
EndGlobal
